
Microsoft Visual Studio Solution File, Format Version 12.00
# Visual Studio 14
VisualStudioVersion = 14.0.24720.0
MinimumVisualStudioVersion = 10.0.40219.1
Project("{930C7802-8A8C-48F9-8165-68863BCCD9DD}") = "Nitra.Setup", "Installer\Nitra.Setup.wixproj", "{B6E48235-9468-47F8-9D5B-8EE44C34C90E}"
	ProjectSection(ProjectDependencies) = postProject
		{5DF68601-F64C-492A-B3BF-A217B15C65B7} = {5DF68601-F64C-492A-B3BF-A217B15C65B7}
		{FE284609-7829-44D7-B3EC-D16830A9DBC3} = {FE284609-7829-44D7-B3EC-D16830A9DBC3}
		{625D221C-1C30-4E26-BB43-8F3CE81373B5} = {625D221C-1C30-4E26-BB43-8F3CE81373B5}
		{A8AACA46-CCC8-429F-B626-4CFC77F3A21A} = {A8AACA46-CCC8-429F-B626-4CFC77F3A21A}
		{792F6159-9FF0-4352-8323-591A9BAD3472} = {792F6159-9FF0-4352-8323-591A9BAD3472}
		{24F81277-B44D-4F87-8906-44FE08BB958C} = {24F81277-B44D-4F87-8906-44FE08BB958C}
		{8FC74178-4B54-4DF2-AC0D-44422C87652D} = {8FC74178-4B54-4DF2-AC0D-44422C87652D}
		{BE6DFD78-ED34-4F74-9185-7DD20F52D068} = {BE6DFD78-ED34-4F74-9185-7DD20F52D068}
		{9DB13EB2-28E3-432B-8C8F-0E39EF5BCC38} = {9DB13EB2-28E3-432B-8C8F-0E39EF5BCC38}
		{225DFCB6-3546-4D9C-86EC-A5D5BCF693D4} = {225DFCB6-3546-4D9C-86EC-A5D5BCF693D4}
		{249928BB-C446-42B3-BFF3-CA98DABB9609} = {249928BB-C446-42B3-BFF3-CA98DABB9609}
		{5B187CE9-5655-4D43-BFEC-0D77B5C63818} = {5B187CE9-5655-4D43-BFEC-0D77B5C63818}
		{657A9BEF-1E0B-4B7A-A1DD-B127570DF136} = {657A9BEF-1E0B-4B7A-A1DD-B127570DF136}
	EndProjectSection
EndProject
Project("{EDCC3B85-0BAD-11DB-BC1A-00112FDE8B61}") = "Nitra.Runtime", "Nitra\Nitra.Runtime\Nitra.Runtime.nproj", "{9DB13EB2-28E3-432B-8C8F-0E39EF5BCC38}"
EndProject
Project("{EDCC3B85-0BAD-11DB-BC1A-00112FDE8B61}") = "Nitra.Grammar", "Nitra\Nitra.Grammar\Nitra.Grammar.nproj", "{792F6159-9FF0-4352-8323-591A9BAD3472}"
EndProject
Project("{EDCC3B85-0BAD-11DB-BC1A-00112FDE8B61}") = "Nitra.Grammar.Stage2", "Nitra\Nitra.Grammar\Nitra.Grammar.Stage2.nproj", "{BE6DFD78-ED34-4F74-9185-7DD20F52D068}"
EndProject
Project("{EDCC3B85-0BAD-11DB-BC1A-00112FDE8B61}") = "Nitra.Compiler", "Nitra\Nitra.Compiler\Nitra.Compiler.nproj", "{A8AACA46-CCC8-429F-B626-4CFC77F3A21A}"
EndProject
Project("{EDCC3B85-0BAD-11DB-BC1A-00112FDE8B61}") = "Nitra.Compiler.Stage2", "Nitra\Nitra.Compiler\Nitra.Compiler.Stage2.nproj", "{5DF68601-F64C-492A-B3BF-A217B15C65B7}"
EndProject
Project("{FAE04EC0-301F-11D3-BF4B-00C04F79EFBC}") = "Nitra.Visualizer", "Nitra.Visualizer\Nitra.Visualizer.csproj", "{8FC74178-4B54-4DF2-AC0D-44422C87652D}"
EndProject
Project("{EDCC3B85-0BAD-11DB-BC1A-00112FDE8B61}") = "Nitra", "Nitra\Nitra\Nitra.nproj", "{625D221C-1C30-4E26-BB43-8F3CE81373B5}"
EndProject
Project("{EDCC3B85-0BAD-11DB-BC1A-00112FDE8B61}") = "Json.Grammar", "Grammars\Json\Json.Grammar\Json.Grammar.nproj", "{657A9BEF-1E0B-4B7A-A1DD-B127570DF136}"
EndProject
Project("{EDCC3B85-0BAD-11DB-BC1A-00112FDE8B61}") = "CSharp.Grammar", "Grammars\CSharp\CSharp.Grammar\CSharp.Grammar.nproj", "{249928BB-C446-42B3-BFF3-CA98DABB9609}"
EndProject
Project("{2150E333-8FDC-42A3-9474-1A3956D46DE8}") = "Grammars", "Grammars", "{A4CB8511-6808-4E8E-9C32-9E687DDFC074}"
EndProject
Project("{2150E333-8FDC-42A3-9474-1A3956D46DE8}") = "Nitra", "Nitra", "{7B000345-14BF-438A-B983-A130701E6D95}"
EndProject
Project("{FAE04EC0-301F-11D3-BF4B-00C04F79EFBC}") = "Nitra.TestsLauncher", "Nitra.TestsLauncher\Nitra.TestsLauncher.csproj", "{FE284609-7829-44D7-B3EC-D16830A9DBC3}"
EndProject
Project("{2150E333-8FDC-42A3-9474-1A3956D46DE8}") = "Tools", "Tools", "{B3C210C3-8EC8-4882-B561-5F8AADA6FDAC}"
EndProject
Project("{2150E333-8FDC-42A3-9474-1A3956D46DE8}") = "IDE", "IDE", "{68DDC8FC-5A68-41DB-BA56-BBF1BC9E2ADB}"
EndProject
Project("{EDCC3B85-0BAD-11DB-BC1A-00112FDE8B61}") = "Nitra.LanguageCompiler", "Nitra.LanguageCompiler\Nitra.LanguageCompiler.nproj", "{5B187CE9-5655-4D43-BFEC-0D77B5C63818}"
EndProject
Project("{EDCC3B85-0BAD-11DB-BC1A-00112FDE8B61}") = "Nitra.VisualStudio", "Ide\Nitra.VisualStudio\Nitra.VisualStudio.nproj", "{24F81277-B44D-4F87-8906-44FE08BB958C}"
EndProject
Project("{FAE04EC0-301F-11D3-BF4B-00C04F79EFBC}") = "Nitra.VisualStudio.Plugin", "Ide\Nitra.VisualStudio.Plugin\Nitra.VisualStudio.Plugin.csproj", "{225DFCB6-3546-4D9C-86EC-A5D5BCF693D4}"
EndProject
Global
	GlobalSection(SolutionConfigurationPlatforms) = preSolution
		Debug|Any CPU = Debug|Any CPU
		Debug|Mixed Platforms = Debug|Mixed Platforms
		Debug|x86 = Debug|x86
		Release|Any CPU = Release|Any CPU
		Release|Mixed Platforms = Release|Mixed Platforms
		Release|x86 = Release|x86
	EndGlobalSection
	GlobalSection(ProjectConfigurationPlatforms) = postSolution
		{B6E48235-9468-47F8-9D5B-8EE44C34C90E}.Debug|Any CPU.ActiveCfg = Debug|x86
		{B6E48235-9468-47F8-9D5B-8EE44C34C90E}.Debug|Mixed Platforms.ActiveCfg = Debug|x86
		{B6E48235-9468-47F8-9D5B-8EE44C34C90E}.Debug|Mixed Platforms.Build.0 = Debug|x86
		{B6E48235-9468-47F8-9D5B-8EE44C34C90E}.Debug|x86.ActiveCfg = Debug|x86
		{B6E48235-9468-47F8-9D5B-8EE44C34C90E}.Debug|x86.Build.0 = Debug|x86
		{B6E48235-9468-47F8-9D5B-8EE44C34C90E}.Release|Any CPU.ActiveCfg = Release|x86
		{B6E48235-9468-47F8-9D5B-8EE44C34C90E}.Release|Mixed Platforms.ActiveCfg = Release|x86
		{B6E48235-9468-47F8-9D5B-8EE44C34C90E}.Release|Mixed Platforms.Build.0 = Release|x86
		{B6E48235-9468-47F8-9D5B-8EE44C34C90E}.Release|x86.ActiveCfg = Release|x86
		{B6E48235-9468-47F8-9D5B-8EE44C34C90E}.Release|x86.Build.0 = Release|x86
		{9DB13EB2-28E3-432B-8C8F-0E39EF5BCC38}.Debug|Any CPU.ActiveCfg = Debug|Any CPU
		{9DB13EB2-28E3-432B-8C8F-0E39EF5BCC38}.Debug|Any CPU.Build.0 = Debug|Any CPU
		{9DB13EB2-28E3-432B-8C8F-0E39EF5BCC38}.Debug|Mixed Platforms.ActiveCfg = Debug|Any CPU
		{9DB13EB2-28E3-432B-8C8F-0E39EF5BCC38}.Debug|Mixed Platforms.Build.0 = Debug|Any CPU
		{9DB13EB2-28E3-432B-8C8F-0E39EF5BCC38}.Debug|x86.ActiveCfg = Debug|Any CPU
		{9DB13EB2-28E3-432B-8C8F-0E39EF5BCC38}.Release|Any CPU.ActiveCfg = Release|Any CPU
		{9DB13EB2-28E3-432B-8C8F-0E39EF5BCC38}.Release|Any CPU.Build.0 = Release|Any CPU
		{9DB13EB2-28E3-432B-8C8F-0E39EF5BCC38}.Release|Mixed Platforms.ActiveCfg = Release|Any CPU
		{9DB13EB2-28E3-432B-8C8F-0E39EF5BCC38}.Release|Mixed Platforms.Build.0 = Release|Any CPU
		{9DB13EB2-28E3-432B-8C8F-0E39EF5BCC38}.Release|x86.ActiveCfg = Release|Any CPU
		{792F6159-9FF0-4352-8323-591A9BAD3472}.Debug|Any CPU.ActiveCfg = Debug|Any CPU
		{792F6159-9FF0-4352-8323-591A9BAD3472}.Debug|Any CPU.Build.0 = Debug|Any CPU
		{792F6159-9FF0-4352-8323-591A9BAD3472}.Debug|Mixed Platforms.ActiveCfg = Debug|Any CPU
		{792F6159-9FF0-4352-8323-591A9BAD3472}.Debug|Mixed Platforms.Build.0 = Debug|Any CPU
		{792F6159-9FF0-4352-8323-591A9BAD3472}.Debug|x86.ActiveCfg = Debug|Any CPU
		{792F6159-9FF0-4352-8323-591A9BAD3472}.Release|Any CPU.ActiveCfg = Release|Any CPU
		{792F6159-9FF0-4352-8323-591A9BAD3472}.Release|Any CPU.Build.0 = Release|Any CPU
		{792F6159-9FF0-4352-8323-591A9BAD3472}.Release|Mixed Platforms.ActiveCfg = Release|Any CPU
		{792F6159-9FF0-4352-8323-591A9BAD3472}.Release|Mixed Platforms.Build.0 = Release|Any CPU
		{792F6159-9FF0-4352-8323-591A9BAD3472}.Release|x86.ActiveCfg = Release|Any CPU
		{BE6DFD78-ED34-4F74-9185-7DD20F52D068}.Debug|Any CPU.ActiveCfg = Debug|Any CPU
		{BE6DFD78-ED34-4F74-9185-7DD20F52D068}.Debug|Any CPU.Build.0 = Debug|Any CPU
		{BE6DFD78-ED34-4F74-9185-7DD20F52D068}.Debug|Mixed Platforms.ActiveCfg = Debug|Any CPU
		{BE6DFD78-ED34-4F74-9185-7DD20F52D068}.Debug|Mixed Platforms.Build.0 = Debug|Any CPU
		{BE6DFD78-ED34-4F74-9185-7DD20F52D068}.Debug|x86.ActiveCfg = Debug|Any CPU
		{BE6DFD78-ED34-4F74-9185-7DD20F52D068}.Release|Any CPU.ActiveCfg = Release|Any CPU
		{BE6DFD78-ED34-4F74-9185-7DD20F52D068}.Release|Any CPU.Build.0 = Release|Any CPU
		{BE6DFD78-ED34-4F74-9185-7DD20F52D068}.Release|Mixed Platforms.ActiveCfg = Release|Any CPU
		{BE6DFD78-ED34-4F74-9185-7DD20F52D068}.Release|Mixed Platforms.Build.0 = Release|Any CPU
		{BE6DFD78-ED34-4F74-9185-7DD20F52D068}.Release|x86.ActiveCfg = Release|Any CPU
		{A8AACA46-CCC8-429F-B626-4CFC77F3A21A}.Debug|Any CPU.ActiveCfg = Debug|Any CPU
		{A8AACA46-CCC8-429F-B626-4CFC77F3A21A}.Debug|Any CPU.Build.0 = Debug|Any CPU
		{A8AACA46-CCC8-429F-B626-4CFC77F3A21A}.Debug|Mixed Platforms.ActiveCfg = Debug|Any CPU
		{A8AACA46-CCC8-429F-B626-4CFC77F3A21A}.Debug|Mixed Platforms.Build.0 = Debug|Any CPU
		{A8AACA46-CCC8-429F-B626-4CFC77F3A21A}.Debug|x86.ActiveCfg = Debug|Any CPU
		{A8AACA46-CCC8-429F-B626-4CFC77F3A21A}.Release|Any CPU.ActiveCfg = Release|Any CPU
		{A8AACA46-CCC8-429F-B626-4CFC77F3A21A}.Release|Any CPU.Build.0 = Release|Any CPU
		{A8AACA46-CCC8-429F-B626-4CFC77F3A21A}.Release|Mixed Platforms.ActiveCfg = Release|Any CPU
		{A8AACA46-CCC8-429F-B626-4CFC77F3A21A}.Release|Mixed Platforms.Build.0 = Release|Any CPU
		{A8AACA46-CCC8-429F-B626-4CFC77F3A21A}.Release|x86.ActiveCfg = Release|Any CPU
		{5DF68601-F64C-492A-B3BF-A217B15C65B7}.Debug|Any CPU.ActiveCfg = Debug|Any CPU
		{5DF68601-F64C-492A-B3BF-A217B15C65B7}.Debug|Any CPU.Build.0 = Debug|Any CPU
		{5DF68601-F64C-492A-B3BF-A217B15C65B7}.Debug|Mixed Platforms.ActiveCfg = Debug|Any CPU
		{5DF68601-F64C-492A-B3BF-A217B15C65B7}.Debug|Mixed Platforms.Build.0 = Debug|Any CPU
		{5DF68601-F64C-492A-B3BF-A217B15C65B7}.Debug|x86.ActiveCfg = Debug|Any CPU
		{5DF68601-F64C-492A-B3BF-A217B15C65B7}.Release|Any CPU.ActiveCfg = Release|Any CPU
		{5DF68601-F64C-492A-B3BF-A217B15C65B7}.Release|Any CPU.Build.0 = Release|Any CPU
		{5DF68601-F64C-492A-B3BF-A217B15C65B7}.Release|Mixed Platforms.ActiveCfg = Release|Any CPU
		{5DF68601-F64C-492A-B3BF-A217B15C65B7}.Release|Mixed Platforms.Build.0 = Release|Any CPU
		{5DF68601-F64C-492A-B3BF-A217B15C65B7}.Release|x86.ActiveCfg = Release|Any CPU
		{8FC74178-4B54-4DF2-AC0D-44422C87652D}.Debug|Any CPU.ActiveCfg = Debug|Any CPU
		{8FC74178-4B54-4DF2-AC0D-44422C87652D}.Debug|Any CPU.Build.0 = Debug|Any CPU
		{8FC74178-4B54-4DF2-AC0D-44422C87652D}.Debug|Mixed Platforms.ActiveCfg = Debug|Any CPU
		{8FC74178-4B54-4DF2-AC0D-44422C87652D}.Debug|Mixed Platforms.Build.0 = Debug|Any CPU
		{8FC74178-4B54-4DF2-AC0D-44422C87652D}.Debug|x86.ActiveCfg = Debug|Any CPU
		{8FC74178-4B54-4DF2-AC0D-44422C87652D}.Release|Any CPU.ActiveCfg = Release|Any CPU
		{8FC74178-4B54-4DF2-AC0D-44422C87652D}.Release|Any CPU.Build.0 = Release|Any CPU
		{8FC74178-4B54-4DF2-AC0D-44422C87652D}.Release|Mixed Platforms.ActiveCfg = Release|Any CPU
		{8FC74178-4B54-4DF2-AC0D-44422C87652D}.Release|Mixed Platforms.Build.0 = Release|Any CPU
		{8FC74178-4B54-4DF2-AC0D-44422C87652D}.Release|x86.ActiveCfg = Release|Any CPU
		{625D221C-1C30-4E26-BB43-8F3CE81373B5}.Debug|Any CPU.ActiveCfg = Debug|Any CPU
		{625D221C-1C30-4E26-BB43-8F3CE81373B5}.Debug|Any CPU.Build.0 = Debug|Any CPU
		{625D221C-1C30-4E26-BB43-8F3CE81373B5}.Debug|Mixed Platforms.ActiveCfg = Debug|Any CPU
		{625D221C-1C30-4E26-BB43-8F3CE81373B5}.Debug|Mixed Platforms.Build.0 = Debug|Any CPU
		{625D221C-1C30-4E26-BB43-8F3CE81373B5}.Debug|x86.ActiveCfg = Debug|Any CPU
		{625D221C-1C30-4E26-BB43-8F3CE81373B5}.Release|Any CPU.ActiveCfg = Release|Any CPU
		{625D221C-1C30-4E26-BB43-8F3CE81373B5}.Release|Any CPU.Build.0 = Release|Any CPU
		{625D221C-1C30-4E26-BB43-8F3CE81373B5}.Release|Mixed Platforms.ActiveCfg = Release|Any CPU
		{625D221C-1C30-4E26-BB43-8F3CE81373B5}.Release|Mixed Platforms.Build.0 = Release|Any CPU
		{625D221C-1C30-4E26-BB43-8F3CE81373B5}.Release|x86.ActiveCfg = Release|Any CPU
		{657A9BEF-1E0B-4B7A-A1DD-B127570DF136}.Debug|Any CPU.ActiveCfg = Debug|Any CPU
		{657A9BEF-1E0B-4B7A-A1DD-B127570DF136}.Debug|Any CPU.Build.0 = Debug|Any CPU
		{657A9BEF-1E0B-4B7A-A1DD-B127570DF136}.Debug|Mixed Platforms.ActiveCfg = Debug|Any CPU
		{657A9BEF-1E0B-4B7A-A1DD-B127570DF136}.Debug|Mixed Platforms.Build.0 = Debug|Any CPU
		{657A9BEF-1E0B-4B7A-A1DD-B127570DF136}.Debug|x86.ActiveCfg = Debug|Any CPU
		{657A9BEF-1E0B-4B7A-A1DD-B127570DF136}.Release|Any CPU.ActiveCfg = Release|Any CPU
		{657A9BEF-1E0B-4B7A-A1DD-B127570DF136}.Release|Any CPU.Build.0 = Release|Any CPU
		{657A9BEF-1E0B-4B7A-A1DD-B127570DF136}.Release|Mixed Platforms.ActiveCfg = Release|Any CPU
		{657A9BEF-1E0B-4B7A-A1DD-B127570DF136}.Release|Mixed Platforms.Build.0 = Release|Any CPU
		{657A9BEF-1E0B-4B7A-A1DD-B127570DF136}.Release|x86.ActiveCfg = Release|Any CPU
		{249928BB-C446-42B3-BFF3-CA98DABB9609}.Debug|Any CPU.ActiveCfg = Debug|Any CPU
		{249928BB-C446-42B3-BFF3-CA98DABB9609}.Debug|Any CPU.Build.0 = Debug|Any CPU
		{249928BB-C446-42B3-BFF3-CA98DABB9609}.Debug|Mixed Platforms.ActiveCfg = Debug|Any CPU
		{249928BB-C446-42B3-BFF3-CA98DABB9609}.Debug|Mixed Platforms.Build.0 = Debug|Any CPU
		{249928BB-C446-42B3-BFF3-CA98DABB9609}.Debug|x86.ActiveCfg = Debug|Any CPU
		{249928BB-C446-42B3-BFF3-CA98DABB9609}.Release|Any CPU.ActiveCfg = Release|Any CPU
		{249928BB-C446-42B3-BFF3-CA98DABB9609}.Release|Any CPU.Build.0 = Release|Any CPU
		{249928BB-C446-42B3-BFF3-CA98DABB9609}.Release|Mixed Platforms.ActiveCfg = Release|Any CPU
		{249928BB-C446-42B3-BFF3-CA98DABB9609}.Release|Mixed Platforms.Build.0 = Release|Any CPU
		{249928BB-C446-42B3-BFF3-CA98DABB9609}.Release|x86.ActiveCfg = Release|Any CPU
		{FE284609-7829-44D7-B3EC-D16830A9DBC3}.Debug|Any CPU.ActiveCfg = Debug|Any CPU
		{FE284609-7829-44D7-B3EC-D16830A9DBC3}.Debug|Any CPU.Build.0 = Debug|Any CPU
		{FE284609-7829-44D7-B3EC-D16830A9DBC3}.Debug|Mixed Platforms.ActiveCfg = Debug|Any CPU
		{FE284609-7829-44D7-B3EC-D16830A9DBC3}.Debug|Mixed Platforms.Build.0 = Debug|Any CPU
		{FE284609-7829-44D7-B3EC-D16830A9DBC3}.Debug|x86.ActiveCfg = Debug|Any CPU
		{FE284609-7829-44D7-B3EC-D16830A9DBC3}.Release|Any CPU.ActiveCfg = Release|Any CPU
		{FE284609-7829-44D7-B3EC-D16830A9DBC3}.Release|Any CPU.Build.0 = Release|Any CPU
		{FE284609-7829-44D7-B3EC-D16830A9DBC3}.Release|Mixed Platforms.ActiveCfg = Release|Any CPU
		{FE284609-7829-44D7-B3EC-D16830A9DBC3}.Release|Mixed Platforms.Build.0 = Release|Any CPU
		{FE284609-7829-44D7-B3EC-D16830A9DBC3}.Release|x86.ActiveCfg = Release|Any CPU
		{5B187CE9-5655-4D43-BFEC-0D77B5C63818}.Debug|Any CPU.ActiveCfg = Debug|Any CPU
		{5B187CE9-5655-4D43-BFEC-0D77B5C63818}.Debug|Any CPU.Build.0 = Debug|Any CPU
		{5B187CE9-5655-4D43-BFEC-0D77B5C63818}.Debug|Mixed Platforms.ActiveCfg = Debug|x86
		{5B187CE9-5655-4D43-BFEC-0D77B5C63818}.Debug|Mixed Platforms.Build.0 = Debug|x86
		{5B187CE9-5655-4D43-BFEC-0D77B5C63818}.Debug|x86.ActiveCfg = Debug|x86
		{5B187CE9-5655-4D43-BFEC-0D77B5C63818}.Debug|x86.Build.0 = Debug|x86
		{5B187CE9-5655-4D43-BFEC-0D77B5C63818}.Release|Any CPU.ActiveCfg = Release|Any CPU
		{5B187CE9-5655-4D43-BFEC-0D77B5C63818}.Release|Any CPU.Build.0 = Release|Any CPU
		{5B187CE9-5655-4D43-BFEC-0D77B5C63818}.Release|Mixed Platforms.ActiveCfg = Release|x86
		{5B187CE9-5655-4D43-BFEC-0D77B5C63818}.Release|Mixed Platforms.Build.0 = Release|x86
		{5B187CE9-5655-4D43-BFEC-0D77B5C63818}.Release|x86.ActiveCfg = Release|x86
		{5B187CE9-5655-4D43-BFEC-0D77B5C63818}.Release|x86.Build.0 = Release|x86
		{24F81277-B44D-4F87-8906-44FE08BB958C}.Debug|Any CPU.ActiveCfg = Debug|Any CPU
		{24F81277-B44D-4F87-8906-44FE08BB958C}.Debug|Any CPU.Build.0 = Debug|Any CPU
		{24F81277-B44D-4F87-8906-44FE08BB958C}.Debug|Mixed Platforms.ActiveCfg = Debug|x86
		{24F81277-B44D-4F87-8906-44FE08BB958C}.Debug|Mixed Platforms.Build.0 = Debug|x86
		{24F81277-B44D-4F87-8906-44FE08BB958C}.Debug|x86.ActiveCfg = Debug|x86
		{24F81277-B44D-4F87-8906-44FE08BB958C}.Debug|x86.Build.0 = Debug|x86
		{24F81277-B44D-4F87-8906-44FE08BB958C}.Release|Any CPU.ActiveCfg = Release|Any CPU
		{24F81277-B44D-4F87-8906-44FE08BB958C}.Release|Any CPU.Build.0 = Release|Any CPU
		{24F81277-B44D-4F87-8906-44FE08BB958C}.Release|Mixed Platforms.ActiveCfg = Release|x86
		{24F81277-B44D-4F87-8906-44FE08BB958C}.Release|Mixed Platforms.Build.0 = Release|x86
		{24F81277-B44D-4F87-8906-44FE08BB958C}.Release|x86.ActiveCfg = Release|x86
		{24F81277-B44D-4F87-8906-44FE08BB958C}.Release|x86.Build.0 = Release|x86
		{225DFCB6-3546-4D9C-86EC-A5D5BCF693D4}.Debug|Any CPU.ActiveCfg = Debug|Any CPU
		{225DFCB6-3546-4D9C-86EC-A5D5BCF693D4}.Debug|Any CPU.Build.0 = Debug|Any CPU
		{225DFCB6-3546-4D9C-86EC-A5D5BCF693D4}.Debug|Mixed Platforms.ActiveCfg = Debug|Any CPU
		{225DFCB6-3546-4D9C-86EC-A5D5BCF693D4}.Debug|Mixed Platforms.Build.0 = Debug|Any CPU
		{225DFCB6-3546-4D9C-86EC-A5D5BCF693D4}.Debug|x86.ActiveCfg = Debug|Any CPU
		{225DFCB6-3546-4D9C-86EC-A5D5BCF693D4}.Debug|x86.Build.0 = Debug|Any CPU
		{225DFCB6-3546-4D9C-86EC-A5D5BCF693D4}.Release|Any CPU.ActiveCfg = Release|Any CPU
		{225DFCB6-3546-4D9C-86EC-A5D5BCF693D4}.Release|Any CPU.Build.0 = Release|Any CPU
		{225DFCB6-3546-4D9C-86EC-A5D5BCF693D4}.Release|Mixed Platforms.ActiveCfg = Release|Any CPU
		{225DFCB6-3546-4D9C-86EC-A5D5BCF693D4}.Release|Mixed Platforms.Build.0 = Release|Any CPU
		{225DFCB6-3546-4D9C-86EC-A5D5BCF693D4}.Release|x86.ActiveCfg = Release|Any CPU
		{225DFCB6-3546-4D9C-86EC-A5D5BCF693D4}.Release|x86.Build.0 = Release|Any CPU
	EndGlobalSection
	GlobalSection(SolutionProperties) = preSolution
		HideSolutionNode = FALSE
	EndGlobalSection
	GlobalSection(NestedProjects) = preSolution
		{9DB13EB2-28E3-432B-8C8F-0E39EF5BCC38} = {7B000345-14BF-438A-B983-A130701E6D95}
		{792F6159-9FF0-4352-8323-591A9BAD3472} = {7B000345-14BF-438A-B983-A130701E6D95}
		{BE6DFD78-ED34-4F74-9185-7DD20F52D068} = {7B000345-14BF-438A-B983-A130701E6D95}
		{A8AACA46-CCC8-429F-B626-4CFC77F3A21A} = {7B000345-14BF-438A-B983-A130701E6D95}
		{5DF68601-F64C-492A-B3BF-A217B15C65B7} = {7B000345-14BF-438A-B983-A130701E6D95}
		{8FC74178-4B54-4DF2-AC0D-44422C87652D} = {B3C210C3-8EC8-4882-B561-5F8AADA6FDAC}
		{625D221C-1C30-4E26-BB43-8F3CE81373B5} = {7B000345-14BF-438A-B983-A130701E6D95}
		{657A9BEF-1E0B-4B7A-A1DD-B127570DF136} = {A4CB8511-6808-4E8E-9C32-9E687DDFC074}
		{249928BB-C446-42B3-BFF3-CA98DABB9609} = {A4CB8511-6808-4E8E-9C32-9E687DDFC074}
		{FE284609-7829-44D7-B3EC-D16830A9DBC3} = {B3C210C3-8EC8-4882-B561-5F8AADA6FDAC}
		{5B187CE9-5655-4D43-BFEC-0D77B5C63818} = {7B000345-14BF-438A-B983-A130701E6D95}
		{24F81277-B44D-4F87-8906-44FE08BB958C} = {68DDC8FC-5A68-41DB-BA56-BBF1BC9E2ADB}
		{225DFCB6-3546-4D9C-86EC-A5D5BCF693D4} = {68DDC8FC-5A68-41DB-BA56-BBF1BC9E2ADB}
	EndGlobalSection
EndGlobal
