
Microsoft Visual Studio Solution File, Format Version 11.00
# Visual Studio 2010
Project("{EDCC3B85-0BAD-11DB-BC1A-00112FDE8B61}") = "Boot.Nemerle.Parser", "N2\Boot.Nemerle.Parser\Boot.Nemerle.Parser.nproj", "{1E72BF01-5511-44FC-B87C-BA0816E94C81}"
EndProject
Project("{EDCC3B85-0BAD-11DB-BC1A-00112FDE8B61}") = "Nemerle.Parser", "N2\Nemerle.Parser\Nemerle.Parser.nproj", "{9DB13EB2-28E3-432B-8C8F-0E39EF5BCC38}"
EndProject
Project("{EDCC3B85-0BAD-11DB-BC1A-00112FDE8B61}") = "Nemerle.Parser.Macro", "N2\Nemerle.Parser.Macro\Nemerle.Parser.Macro.nproj", "{A8AACA46-CCC8-429F-B626-4CFC77F3A21A}"
EndProject
Project("{EDCC3B85-0BAD-11DB-BC1A-00112FDE8B61}") = "Nemerle.Parser.Macro.Model", "N2\Nemerle.Parser.Macro.Model\Nemerle.Parser.Macro.Model.nproj", "{52DC252E-6D8A-4D4D-9443-DE55419621E0}"
EndProject
Project("{EDCC3B85-0BAD-11DB-BC1A-00112FDE8B61}") = "Nemerle.Parser.Macro.Parser", "N2\Nemerle.Parser.Macro.Parser\Nemerle.Parser.Macro.Parser.nproj", "{792F6159-9FF0-4352-8323-591A9BAD3472}"
EndProject
Project("{EDCC3B85-0BAD-11DB-BC1A-00112FDE8B61}") = "Nemerle.Parser.Macro.Parser-New", "N2\Nemerle.Parser.Macro.Parser-New\Nemerle.Parser.Macro.Parser-New.nproj", "{BE6DFD78-ED34-4F74-9185-7DD20F52D068}"
	ProjectSection(ProjectDependencies) = postProject
		{792F6159-9FF0-4352-8323-591A9BAD3472} = {792F6159-9FF0-4352-8323-591A9BAD3472}
	EndProjectSection
EndProject
Project("{EDCC3B85-0BAD-11DB-BC1A-00112FDE8B61}") = "Test", "Tests\Test\Test.nproj", "{7BBCB70E-DF4A-4353-B8C0-66789FA75CBA}"
EndProject
Project("{EDCC3B85-0BAD-11DB-BC1A-00112FDE8B61}") = "N2Parser", "Tests\N2Parser\N2Parser.nproj", "{1466CCE7-65A2-49C4-9C28-23B135FE7A4A}"
EndProject
Project("{EDCC3B85-0BAD-11DB-BC1A-00112FDE8B61}") = "ExternalGrammar", "Tests\ExternalGrammar\ExternalGrammar.nproj", "{E78897BE-4601-4707-A6CE-498B9B805F99}"
EndProject
Project("{EDCC3B85-0BAD-11DB-BC1A-00112FDE8B61}") = "N2ParserExtensions", "Tests\N2ParserExtensions\N2ParserExtensions.nproj", "{E4D34957-969C-4CC4-8FB4-79577CC3BE7C}"
EndProject
Project("{2150E333-8FDC-42A3-9474-1A3956D46DE8}") = "Boot", "Boot", "{96B9006A-F80C-4F60-8608-93A7F5981274}"
EndProject
Project("{2150E333-8FDC-42A3-9474-1A3956D46DE8}") = "N2", "N2", "{244BECF5-D87D-434D-839D-771F4D0EDAA1}"
EndProject
Project("{2150E333-8FDC-42A3-9474-1A3956D46DE8}") = "Tests", "Tests", "{27E0F09D-F6A8-4F12-B240-44AA1F6D4116}"
EndProject
Project("{2150E333-8FDC-42A3-9474-1A3956D46DE8}") = "IDE", "IDE", "{6D240FCF-6798-4564-A378-1E6D30B0C09B}"
EndProject
Project("{EDCC3B85-0BAD-11DB-BC1A-00112FDE8B61}") = "N2.VisualStudio", "N2VsExtentions\N2.VisualStudio\N2.VisualStudio.nproj", "{24F81277-B44D-4F87-8906-44FE08BB958C}"
EndProject
Global
	GlobalSection(SolutionConfigurationPlatforms) = preSolution
		Debug|Any CPU = Debug|Any CPU
		Debug|x86 = Debug|x86
		Release|Any CPU = Release|Any CPU
		Release|x86 = Release|x86
	EndGlobalSection
	GlobalSection(ProjectConfigurationPlatforms) = postSolution
		{1E72BF01-5511-44FC-B87C-BA0816E94C81}.Debug|Any CPU.ActiveCfg = Debug|Any CPU
		{1E72BF01-5511-44FC-B87C-BA0816E94C81}.Debug|Any CPU.Build.0 = Debug|Any CPU
		{1E72BF01-5511-44FC-B87C-BA0816E94C81}.Debug|x86.ActiveCfg = Debug|Any CPU
		{1E72BF01-5511-44FC-B87C-BA0816E94C81}.Release|Any CPU.ActiveCfg = Release|Any CPU
		{1E72BF01-5511-44FC-B87C-BA0816E94C81}.Release|Any CPU.Build.0 = Release|Any CPU
		{1E72BF01-5511-44FC-B87C-BA0816E94C81}.Release|x86.ActiveCfg = Release|Any CPU
		{9DB13EB2-28E3-432B-8C8F-0E39EF5BCC38}.Debug|Any CPU.ActiveCfg = Debug|Any CPU
		{9DB13EB2-28E3-432B-8C8F-0E39EF5BCC38}.Debug|Any CPU.Build.0 = Debug|Any CPU
		{9DB13EB2-28E3-432B-8C8F-0E39EF5BCC38}.Debug|x86.ActiveCfg = Debug|Any CPU
		{9DB13EB2-28E3-432B-8C8F-0E39EF5BCC38}.Release|Any CPU.ActiveCfg = Release|Any CPU
		{9DB13EB2-28E3-432B-8C8F-0E39EF5BCC38}.Release|Any CPU.Build.0 = Release|Any CPU
		{9DB13EB2-28E3-432B-8C8F-0E39EF5BCC38}.Release|x86.ActiveCfg = Release|Any CPU
		{A8AACA46-CCC8-429F-B626-4CFC77F3A21A}.Debug|Any CPU.ActiveCfg = Debug|Any CPU
		{A8AACA46-CCC8-429F-B626-4CFC77F3A21A}.Debug|Any CPU.Build.0 = Debug|Any CPU
		{A8AACA46-CCC8-429F-B626-4CFC77F3A21A}.Debug|x86.ActiveCfg = Debug|Any CPU
		{A8AACA46-CCC8-429F-B626-4CFC77F3A21A}.Release|Any CPU.ActiveCfg = Release|Any CPU
		{A8AACA46-CCC8-429F-B626-4CFC77F3A21A}.Release|Any CPU.Build.0 = Release|Any CPU
		{A8AACA46-CCC8-429F-B626-4CFC77F3A21A}.Release|x86.ActiveCfg = Release|Any CPU
		{52DC252E-6D8A-4D4D-9443-DE55419621E0}.Debug|Any CPU.ActiveCfg = Debug|Any CPU
		{52DC252E-6D8A-4D4D-9443-DE55419621E0}.Debug|Any CPU.Build.0 = Debug|Any CPU
		{52DC252E-6D8A-4D4D-9443-DE55419621E0}.Debug|x86.ActiveCfg = Debug|Any CPU
		{52DC252E-6D8A-4D4D-9443-DE55419621E0}.Release|Any CPU.ActiveCfg = Release|Any CPU
		{52DC252E-6D8A-4D4D-9443-DE55419621E0}.Release|Any CPU.Build.0 = Release|Any CPU
		{52DC252E-6D8A-4D4D-9443-DE55419621E0}.Release|x86.ActiveCfg = Release|Any CPU
		{792F6159-9FF0-4352-8323-591A9BAD3472}.Debug|Any CPU.ActiveCfg = Debug|Any CPU
		{792F6159-9FF0-4352-8323-591A9BAD3472}.Debug|Any CPU.Build.0 = Debug|Any CPU
		{792F6159-9FF0-4352-8323-591A9BAD3472}.Debug|x86.ActiveCfg = Debug|Any CPU
		{792F6159-9FF0-4352-8323-591A9BAD3472}.Release|Any CPU.ActiveCfg = Release|Any CPU
		{792F6159-9FF0-4352-8323-591A9BAD3472}.Release|Any CPU.Build.0 = Release|Any CPU
		{792F6159-9FF0-4352-8323-591A9BAD3472}.Release|x86.ActiveCfg = Release|Any CPU
		{BE6DFD78-ED34-4F74-9185-7DD20F52D068}.Debug|Any CPU.ActiveCfg = Debug|Any CPU
		{BE6DFD78-ED34-4F74-9185-7DD20F52D068}.Debug|Any CPU.Build.0 = Debug|Any CPU
		{BE6DFD78-ED34-4F74-9185-7DD20F52D068}.Debug|x86.ActiveCfg = Debug|Any CPU
		{BE6DFD78-ED34-4F74-9185-7DD20F52D068}.Release|Any CPU.ActiveCfg = Release|Any CPU
		{BE6DFD78-ED34-4F74-9185-7DD20F52D068}.Release|Any CPU.Build.0 = Release|Any CPU
		{BE6DFD78-ED34-4F74-9185-7DD20F52D068}.Release|x86.ActiveCfg = Release|Any CPU
		{7BBCB70E-DF4A-4353-B8C0-66789FA75CBA}.Debug|Any CPU.ActiveCfg = Debug|Any CPU
		{7BBCB70E-DF4A-4353-B8C0-66789FA75CBA}.Debug|Any CPU.Build.0 = Debug|Any CPU
		{7BBCB70E-DF4A-4353-B8C0-66789FA75CBA}.Debug|x86.ActiveCfg = Debug|Any CPU
		{7BBCB70E-DF4A-4353-B8C0-66789FA75CBA}.Release|Any CPU.ActiveCfg = Release|Any CPU
		{7BBCB70E-DF4A-4353-B8C0-66789FA75CBA}.Release|Any CPU.Build.0 = Release|Any CPU
		{7BBCB70E-DF4A-4353-B8C0-66789FA75CBA}.Release|x86.ActiveCfg = Release|Any CPU
		{1466CCE7-65A2-49C4-9C28-23B135FE7A4A}.Debug|Any CPU.ActiveCfg = Debug|Any CPU
		{1466CCE7-65A2-49C4-9C28-23B135FE7A4A}.Debug|Any CPU.Build.0 = Debug|Any CPU
		{1466CCE7-65A2-49C4-9C28-23B135FE7A4A}.Debug|x86.ActiveCfg = Debug|Any CPU
		{1466CCE7-65A2-49C4-9C28-23B135FE7A4A}.Release|Any CPU.ActiveCfg = Release|Any CPU
		{1466CCE7-65A2-49C4-9C28-23B135FE7A4A}.Release|Any CPU.Build.0 = Release|Any CPU
		{1466CCE7-65A2-49C4-9C28-23B135FE7A4A}.Release|x86.ActiveCfg = Release|Any CPU
		{E78897BE-4601-4707-A6CE-498B9B805F99}.Debug|Any CPU.ActiveCfg = Debug|Any CPU
		{E78897BE-4601-4707-A6CE-498B9B805F99}.Debug|Any CPU.Build.0 = Debug|Any CPU
		{E78897BE-4601-4707-A6CE-498B9B805F99}.Debug|x86.ActiveCfg = Debug|Any CPU
		{E78897BE-4601-4707-A6CE-498B9B805F99}.Release|Any CPU.ActiveCfg = Release|Any CPU
		{E78897BE-4601-4707-A6CE-498B9B805F99}.Release|Any CPU.Build.0 = Release|Any CPU
		{E78897BE-4601-4707-A6CE-498B9B805F99}.Release|x86.ActiveCfg = Release|Any CPU
		{E4D34957-969C-4CC4-8FB4-79577CC3BE7C}.Debug|Any CPU.ActiveCfg = Debug|Any CPU
		{E4D34957-969C-4CC4-8FB4-79577CC3BE7C}.Debug|Any CPU.Build.0 = Debug|Any CPU
		{E4D34957-969C-4CC4-8FB4-79577CC3BE7C}.Debug|x86.ActiveCfg = Debug|Any CPU
		{E4D34957-969C-4CC4-8FB4-79577CC3BE7C}.Release|Any CPU.ActiveCfg = Release|Any CPU
		{E4D34957-969C-4CC4-8FB4-79577CC3BE7C}.Release|Any CPU.Build.0 = Release|Any CPU
		{E4D34957-969C-4CC4-8FB4-79577CC3BE7C}.Release|x86.ActiveCfg = Release|Any CPU
		{24F81277-B44D-4F87-8906-44FE08BB958C}.Debug|Any CPU.ActiveCfg = Debug|Any CPU
		{24F81277-B44D-4F87-8906-44FE08BB958C}.Debug|Any CPU.Build.0 = Debug|Any CPU
		{24F81277-B44D-4F87-8906-44FE08BB958C}.Debug|x86.ActiveCfg = Debug|x86
		{24F81277-B44D-4F87-8906-44FE08BB958C}.Debug|x86.Build.0 = Debug|x86
		{24F81277-B44D-4F87-8906-44FE08BB958C}.Release|Any CPU.ActiveCfg = Release|Any CPU
		{24F81277-B44D-4F87-8906-44FE08BB958C}.Release|Any CPU.Build.0 = Release|Any CPU
		{24F81277-B44D-4F87-8906-44FE08BB958C}.Release|x86.ActiveCfg = Release|x86
		{24F81277-B44D-4F87-8906-44FE08BB958C}.Release|x86.Build.0 = Release|x86
	EndGlobalSection
	GlobalSection(SolutionProperties) = preSolution
		HideSolutionNode = FALSE
	EndGlobalSection
	GlobalSection(NestedProjects) = preSolution
		{1E72BF01-5511-44FC-B87C-BA0816E94C81} = {96B9006A-F80C-4F60-8608-93A7F5981274}
		{A8AACA46-CCC8-429F-B626-4CFC77F3A21A} = {244BECF5-D87D-434D-839D-771F4D0EDAA1}
		{52DC252E-6D8A-4D4D-9443-DE55419621E0} = {244BECF5-D87D-434D-839D-771F4D0EDAA1}
		{792F6159-9FF0-4352-8323-591A9BAD3472} = {244BECF5-D87D-434D-839D-771F4D0EDAA1}
		{BE6DFD78-ED34-4F74-9185-7DD20F52D068} = {244BECF5-D87D-434D-839D-771F4D0EDAA1}
		{9DB13EB2-28E3-432B-8C8F-0E39EF5BCC38} = {244BECF5-D87D-434D-839D-771F4D0EDAA1}
		{1466CCE7-65A2-49C4-9C28-23B135FE7A4A} = {27E0F09D-F6A8-4F12-B240-44AA1F6D4116}
		{E78897BE-4601-4707-A6CE-498B9B805F99} = {27E0F09D-F6A8-4F12-B240-44AA1F6D4116}
		{E4D34957-969C-4CC4-8FB4-79577CC3BE7C} = {27E0F09D-F6A8-4F12-B240-44AA1F6D4116}
		{7BBCB70E-DF4A-4353-B8C0-66789FA75CBA} = {27E0F09D-F6A8-4F12-B240-44AA1F6D4116}
		{24F81277-B44D-4F87-8906-44FE08BB958C} = {6D240FCF-6798-4564-A378-1E6D30B0C09B}
	EndGlobalSection
EndGlobal
