
Microsoft Visual Studio Solution File, Format Version 11.00
# Visual Studio 2010
Project("{EDCC3B85-0BAD-11DB-BC1A-00112FDE8B61}") = "Boot.N2.Runtime", "N2\Boot.N2.Runtime\Boot.N2.Runtime.nproj", "{1E72BF01-5511-44FC-B87C-BA0816E94C81}"
EndProject
Project("{EDCC3B85-0BAD-11DB-BC1A-00112FDE8B61}") = "N2.Runtime", "N2\N2.Runtime\N2.Runtime.nproj", "{9DB13EB2-28E3-432B-8C8F-0E39EF5BCC38}"
EndProject
Project("{EDCC3B85-0BAD-11DB-BC1A-00112FDE8B61}") = "N2.Compiler", "N2\N2.Compiler\N2.Compiler.nproj", "{A8AACA46-CCC8-429F-B626-4CFC77F3A21A}"
EndProject
Project("{EDCC3B85-0BAD-11DB-BC1A-00112FDE8B61}") = "N2.Grammar", "N2\N2.Grammar\N2.Grammar.nproj", "{792F6159-9FF0-4352-8323-591A9BAD3472}"
EndProject
Project("{EDCC3B85-0BAD-11DB-BC1A-00112FDE8B61}") = "Sample.Calc", "Tests\Sample.Calc\Sample.Calc.nproj", "{7BBCB70E-DF4A-4353-B8C0-66789FA75CBA}"
EndProject
Project("{EDCC3B85-0BAD-11DB-BC1A-00112FDE8B61}") = "Sample.Nemerle", "Tests\Sample.Nemerle\Sample.Nemerle.nproj", "{1466CCE7-65A2-49C4-9C28-23B135FE7A4A}"
EndProject
Project("{EDCC3B85-0BAD-11DB-BC1A-00112FDE8B61}") = "Sample.Num", "Tests\Sample.Num\Sample.Num.nproj", "{E78897BE-4601-4707-A6CE-498B9B805F99}"
EndProject
Project("{EDCC3B85-0BAD-11DB-BC1A-00112FDE8B61}") = "Sample.Nemerle.Extensions", "Tests\Sample.Nemerle.Extensions\Sample.Nemerle.Extensions.nproj", "{E4D34957-969C-4CC4-8FB4-79577CC3BE7C}"
EndProject
Project("{2150E333-8FDC-42A3-9474-1A3956D46DE8}") = "Boot", "Boot", "{96B9006A-F80C-4F60-8608-93A7F5981274}"
EndProject
Project("{2150E333-8FDC-42A3-9474-1A3956D46DE8}") = "N2", "N2", "{244BECF5-D87D-434D-839D-771F4D0EDAA1}"
EndProject
Project("{2150E333-8FDC-42A3-9474-1A3956D46DE8}") = "Tests", "Tests", "{27E0F09D-F6A8-4F12-B240-44AA1F6D4116}"
EndProject
Project("{2150E333-8FDC-42A3-9474-1A3956D46DE8}") = "IDE", "IDE", "{6D240FCF-6798-4564-A378-1E6D30B0C09B}"
EndProject
Project("{EDCC3B85-0BAD-11DB-BC1A-00112FDE8B61}") = "N2.VisualStudio", "N2VsExtentions\N2.VisualStudio\N2.VisualStudio.nproj", "{24F81277-B44D-4F87-8906-44FE08BB958C}"
	ProjectSection(ProjectDependencies) = postProject
		{BE6DFD78-ED34-4F74-9185-7DD20F52D068} = {BE6DFD78-ED34-4F74-9185-7DD20F52D068}
	EndProjectSection
EndProject
Project("{EDCC3B85-0BAD-11DB-BC1A-00112FDE8B61}") = "N2.Test.Builder", "Tests\N2.Test.Builder\N2.Test.Builder.nproj", "{0A9878D3-9A46-4A42-923E-94F8B42C0662}"
EndProject
Project("{EDCC3B85-0BAD-11DB-BC1A-00112FDE8B61}") = "N2.Test", "Tests\N2.Test\N2.Test.nproj", "{3A3D5525-2D63-4661-B4BC-FAE6D93F9D78}"
	ProjectSection(ProjectDependencies) = postProject
		{7BBCB70E-DF4A-4353-B8C0-66789FA75CBA} = {7BBCB70E-DF4A-4353-B8C0-66789FA75CBA}
		{E4D34957-969C-4CC4-8FB4-79577CC3BE7C} = {E4D34957-969C-4CC4-8FB4-79577CC3BE7C}
		{E78897BE-4601-4707-A6CE-498B9B805F99} = {E78897BE-4601-4707-A6CE-498B9B805F99}
		{1466CCE7-65A2-49C4-9C28-23B135FE7A4A} = {1466CCE7-65A2-49C4-9C28-23B135FE7A4A}
	EndProjectSection
EndProject
Project("{2150E333-8FDC-42A3-9474-1A3956D46DE8}") = "Grammars", "Grammars", "{7D5AFEDC-E05B-40CE-B222-107C48EC4187}"
EndProject
Project("{2150E333-8FDC-42A3-9474-1A3956D46DE8}") = "Solution Items", "Solution Items", "{DD085CFB-C0DC-4AAE-81F4-C166509DA41C}"
	ProjectSection(SolutionItems) = preProject
		Local.testsettings = Local.testsettings
		N2.vsmdi = N2.vsmdi
		TraceAndTestImpact.testsettings = TraceAndTestImpact.testsettings
	EndProjectSection
EndProject
Project("{FAE04EC0-301F-11D3-BF4B-00C04F79EFBC}") = "Suite", "Tests\Suite\Suite.csproj", "{18FB8D9B-7EB9-4FDA-9230-CE44E50FC7DA}"
	ProjectSection(ProjectDependencies) = postProject
		{3A3D5525-2D63-4661-B4BC-FAE6D93F9D78} = {3A3D5525-2D63-4661-B4BC-FAE6D93F9D78}
	EndProjectSection
EndProject
Project("{EDCC3B85-0BAD-11DB-BC1A-00112FDE8B61}") = "Sample.Calc.App", "Tests\Sample.Calc.App\Sample.Calc.App.nproj", "{2D7F5411-0E9D-4230-955B-1CDA9DFA8512}"
EndProject
Project("{EDCC3B85-0BAD-11DB-BC1A-00112FDE8B61}") = "CSharp.Grammar", "Grammars\CSharp.Grammar\CSharp.Grammar.nproj", "{249928BB-C446-42B3-BFF3-CA98DABB9609}"
EndProject
Project("{EDCC3B85-0BAD-11DB-BC1A-00112FDE8B61}") = "CSharp.Grammar.Test", "CSharp.Grammar.Test\CSharp.Grammar.Test.nproj", "{D9A00C0E-9F1E-4EFD-90B4-DA8A62386A11}"
EndProject
Project("{EDCC3B85-0BAD-11DB-BC1A-00112FDE8B61}") = "N2.Grammar.Stage2", "N2\N2.Grammar\N2.Grammar.Stage2.nproj", "{BE6DFD78-ED34-4F74-9185-7DD20F52D068}"
EndProject
Project("{EDCC3B85-0BAD-11DB-BC1A-00112FDE8B61}") = "Cpp.Grammar", "Grammars\Cpp.Grammar\Cpp.Grammar.nproj", "{50762796-46D8-4178-B7BD-22E136C57978}"
EndProject
Project("{EDCC3B85-0BAD-11DB-BC1A-00112FDE8B61}") = "Cpp.Grammar.Test", "Tests\Cpp.Grammar.Test\Cpp.Grammar.Test.nproj", "{7DE2F5D3-9861-4582-8FA6-543FFC3394C4}"
EndProject
Global
	GlobalSection(TestCaseManagementSettings) = postSolution
		CategoryFile = N2.vsmdi
	EndGlobalSection
	GlobalSection(SolutionConfigurationPlatforms) = preSolution
		Debug|Any CPU = Debug|Any CPU
		Debug|x86 = Debug|x86
		Release|Any CPU = Release|Any CPU
		Release|x86 = Release|x86
	EndGlobalSection
	GlobalSection(ProjectConfigurationPlatforms) = postSolution
		{1E72BF01-5511-44FC-B87C-BA0816E94C81}.Debug|Any CPU.ActiveCfg = Debug|Any CPU
		{1E72BF01-5511-44FC-B87C-BA0816E94C81}.Debug|Any CPU.Build.0 = Debug|Any CPU
		{1E72BF01-5511-44FC-B87C-BA0816E94C81}.Debug|x86.ActiveCfg = Debug|Any CPU
		{1E72BF01-5511-44FC-B87C-BA0816E94C81}.Release|Any CPU.ActiveCfg = Release|Any CPU
		{1E72BF01-5511-44FC-B87C-BA0816E94C81}.Release|Any CPU.Build.0 = Release|Any CPU
		{1E72BF01-5511-44FC-B87C-BA0816E94C81}.Release|x86.ActiveCfg = Release|Any CPU
		{9DB13EB2-28E3-432B-8C8F-0E39EF5BCC38}.Debug|Any CPU.ActiveCfg = Debug|Any CPU
		{9DB13EB2-28E3-432B-8C8F-0E39EF5BCC38}.Debug|Any CPU.Build.0 = Debug|Any CPU
		{9DB13EB2-28E3-432B-8C8F-0E39EF5BCC38}.Debug|x86.ActiveCfg = Debug|Any CPU
		{9DB13EB2-28E3-432B-8C8F-0E39EF5BCC38}.Release|Any CPU.ActiveCfg = Release|Any CPU
		{9DB13EB2-28E3-432B-8C8F-0E39EF5BCC38}.Release|Any CPU.Build.0 = Release|Any CPU
		{9DB13EB2-28E3-432B-8C8F-0E39EF5BCC38}.Release|x86.ActiveCfg = Release|Any CPU
		{A8AACA46-CCC8-429F-B626-4CFC77F3A21A}.Debug|Any CPU.ActiveCfg = Debug|Any CPU
		{A8AACA46-CCC8-429F-B626-4CFC77F3A21A}.Debug|Any CPU.Build.0 = Debug|Any CPU
		{A8AACA46-CCC8-429F-B626-4CFC77F3A21A}.Debug|x86.ActiveCfg = Debug|Any CPU
		{A8AACA46-CCC8-429F-B626-4CFC77F3A21A}.Release|Any CPU.ActiveCfg = Release|Any CPU
		{A8AACA46-CCC8-429F-B626-4CFC77F3A21A}.Release|Any CPU.Build.0 = Release|Any CPU
		{A8AACA46-CCC8-429F-B626-4CFC77F3A21A}.Release|x86.ActiveCfg = Release|Any CPU
		{792F6159-9FF0-4352-8323-591A9BAD3472}.Debug|Any CPU.ActiveCfg = Debug|Any CPU
		{792F6159-9FF0-4352-8323-591A9BAD3472}.Debug|Any CPU.Build.0 = Debug|Any CPU
		{792F6159-9FF0-4352-8323-591A9BAD3472}.Debug|x86.ActiveCfg = Debug|Any CPU
		{792F6159-9FF0-4352-8323-591A9BAD3472}.Release|Any CPU.ActiveCfg = Release|Any CPU
		{792F6159-9FF0-4352-8323-591A9BAD3472}.Release|Any CPU.Build.0 = Release|Any CPU
		{792F6159-9FF0-4352-8323-591A9BAD3472}.Release|x86.ActiveCfg = Release|Any CPU
		{7BBCB70E-DF4A-4353-B8C0-66789FA75CBA}.Debug|Any CPU.ActiveCfg = Debug|Any CPU
		{7BBCB70E-DF4A-4353-B8C0-66789FA75CBA}.Debug|Any CPU.Build.0 = Debug|Any CPU
		{7BBCB70E-DF4A-4353-B8C0-66789FA75CBA}.Debug|x86.ActiveCfg = Debug|Any CPU
		{7BBCB70E-DF4A-4353-B8C0-66789FA75CBA}.Release|Any CPU.ActiveCfg = Release|Any CPU
		{7BBCB70E-DF4A-4353-B8C0-66789FA75CBA}.Release|Any CPU.Build.0 = Release|Any CPU
		{7BBCB70E-DF4A-4353-B8C0-66789FA75CBA}.Release|x86.ActiveCfg = Release|Any CPU
		{1466CCE7-65A2-49C4-9C28-23B135FE7A4A}.Debug|Any CPU.ActiveCfg = Debug|Any CPU
		{1466CCE7-65A2-49C4-9C28-23B135FE7A4A}.Debug|Any CPU.Build.0 = Debug|Any CPU
		{1466CCE7-65A2-49C4-9C28-23B135FE7A4A}.Debug|x86.ActiveCfg = Debug|Any CPU
		{1466CCE7-65A2-49C4-9C28-23B135FE7A4A}.Release|Any CPU.ActiveCfg = Release|Any CPU
		{1466CCE7-65A2-49C4-9C28-23B135FE7A4A}.Release|Any CPU.Build.0 = Release|Any CPU
		{1466CCE7-65A2-49C4-9C28-23B135FE7A4A}.Release|x86.ActiveCfg = Release|Any CPU
		{E78897BE-4601-4707-A6CE-498B9B805F99}.Debug|Any CPU.ActiveCfg = Debug|Any CPU
		{E78897BE-4601-4707-A6CE-498B9B805F99}.Debug|Any CPU.Build.0 = Debug|Any CPU
		{E78897BE-4601-4707-A6CE-498B9B805F99}.Debug|x86.ActiveCfg = Debug|Any CPU
		{E78897BE-4601-4707-A6CE-498B9B805F99}.Release|Any CPU.ActiveCfg = Release|Any CPU
		{E78897BE-4601-4707-A6CE-498B9B805F99}.Release|Any CPU.Build.0 = Release|Any CPU
		{E78897BE-4601-4707-A6CE-498B9B805F99}.Release|x86.ActiveCfg = Release|Any CPU
		{E4D34957-969C-4CC4-8FB4-79577CC3BE7C}.Debug|Any CPU.ActiveCfg = Debug|Any CPU
		{E4D34957-969C-4CC4-8FB4-79577CC3BE7C}.Debug|Any CPU.Build.0 = Debug|Any CPU
		{E4D34957-969C-4CC4-8FB4-79577CC3BE7C}.Debug|x86.ActiveCfg = Debug|Any CPU
		{E4D34957-969C-4CC4-8FB4-79577CC3BE7C}.Release|Any CPU.ActiveCfg = Release|Any CPU
		{E4D34957-969C-4CC4-8FB4-79577CC3BE7C}.Release|Any CPU.Build.0 = Release|Any CPU
		{E4D34957-969C-4CC4-8FB4-79577CC3BE7C}.Release|x86.ActiveCfg = Release|Any CPU
		{24F81277-B44D-4F87-8906-44FE08BB958C}.Debug|Any CPU.ActiveCfg = Debug|x86
		{24F81277-B44D-4F87-8906-44FE08BB958C}.Debug|Any CPU.Build.0 = Debug|x86
		{24F81277-B44D-4F87-8906-44FE08BB958C}.Debug|x86.ActiveCfg = Debug|x86
		{24F81277-B44D-4F87-8906-44FE08BB958C}.Debug|x86.Build.0 = Debug|x86
		{24F81277-B44D-4F87-8906-44FE08BB958C}.Release|Any CPU.ActiveCfg = Release|x86
		{24F81277-B44D-4F87-8906-44FE08BB958C}.Release|x86.ActiveCfg = Release|x86
		{24F81277-B44D-4F87-8906-44FE08BB958C}.Release|x86.Build.0 = Release|x86
		{0A9878D3-9A46-4A42-923E-94F8B42C0662}.Debug|Any CPU.ActiveCfg = Debug|Any CPU
		{0A9878D3-9A46-4A42-923E-94F8B42C0662}.Debug|Any CPU.Build.0 = Debug|Any CPU
		{0A9878D3-9A46-4A42-923E-94F8B42C0662}.Debug|x86.ActiveCfg = Debug|Any CPU
		{0A9878D3-9A46-4A42-923E-94F8B42C0662}.Release|Any CPU.ActiveCfg = Release|Any CPU
		{0A9878D3-9A46-4A42-923E-94F8B42C0662}.Release|Any CPU.Build.0 = Release|Any CPU
		{0A9878D3-9A46-4A42-923E-94F8B42C0662}.Release|x86.ActiveCfg = Release|Any CPU
		{3A3D5525-2D63-4661-B4BC-FAE6D93F9D78}.Debug|Any CPU.ActiveCfg = Debug|Any CPU
		{3A3D5525-2D63-4661-B4BC-FAE6D93F9D78}.Debug|Any CPU.Build.0 = Debug|Any CPU
		{3A3D5525-2D63-4661-B4BC-FAE6D93F9D78}.Debug|x86.ActiveCfg = Debug|Any CPU
		{3A3D5525-2D63-4661-B4BC-FAE6D93F9D78}.Release|Any CPU.ActiveCfg = Release|Any CPU
		{3A3D5525-2D63-4661-B4BC-FAE6D93F9D78}.Release|Any CPU.Build.0 = Release|Any CPU
		{3A3D5525-2D63-4661-B4BC-FAE6D93F9D78}.Release|x86.ActiveCfg = Release|Any CPU
		{18FB8D9B-7EB9-4FDA-9230-CE44E50FC7DA}.Debug|Any CPU.ActiveCfg = Debug|Any CPU
		{18FB8D9B-7EB9-4FDA-9230-CE44E50FC7DA}.Debug|Any CPU.Build.0 = Debug|Any CPU
		{18FB8D9B-7EB9-4FDA-9230-CE44E50FC7DA}.Debug|x86.ActiveCfg = Debug|Any CPU
		{18FB8D9B-7EB9-4FDA-9230-CE44E50FC7DA}.Release|Any CPU.ActiveCfg = Release|Any CPU
		{18FB8D9B-7EB9-4FDA-9230-CE44E50FC7DA}.Release|Any CPU.Build.0 = Release|Any CPU
		{18FB8D9B-7EB9-4FDA-9230-CE44E50FC7DA}.Release|x86.ActiveCfg = Release|Any CPU
		{2D7F5411-0E9D-4230-955B-1CDA9DFA8512}.Debug|Any CPU.ActiveCfg = Debug|Any CPU
		{2D7F5411-0E9D-4230-955B-1CDA9DFA8512}.Debug|Any CPU.Build.0 = Debug|Any CPU
		{2D7F5411-0E9D-4230-955B-1CDA9DFA8512}.Debug|x86.ActiveCfg = Debug|Any CPU
		{2D7F5411-0E9D-4230-955B-1CDA9DFA8512}.Release|Any CPU.ActiveCfg = Release|Any CPU
		{2D7F5411-0E9D-4230-955B-1CDA9DFA8512}.Release|Any CPU.Build.0 = Release|Any CPU
		{2D7F5411-0E9D-4230-955B-1CDA9DFA8512}.Release|x86.ActiveCfg = Release|Any CPU
		{249928BB-C446-42B3-BFF3-CA98DABB9609}.Debug|Any CPU.ActiveCfg = Debug|Any CPU
		{249928BB-C446-42B3-BFF3-CA98DABB9609}.Debug|Any CPU.Build.0 = Debug|Any CPU
		{249928BB-C446-42B3-BFF3-CA98DABB9609}.Debug|x86.ActiveCfg = Debug|Any CPU
		{249928BB-C446-42B3-BFF3-CA98DABB9609}.Release|Any CPU.ActiveCfg = Release|Any CPU
		{249928BB-C446-42B3-BFF3-CA98DABB9609}.Release|Any CPU.Build.0 = Release|Any CPU
		{249928BB-C446-42B3-BFF3-CA98DABB9609}.Release|x86.ActiveCfg = Release|Any CPU
		{D9A00C0E-9F1E-4EFD-90B4-DA8A62386A11}.Debug|Any CPU.ActiveCfg = Debug|Any CPU
		{D9A00C0E-9F1E-4EFD-90B4-DA8A62386A11}.Debug|Any CPU.Build.0 = Debug|Any CPU
		{D9A00C0E-9F1E-4EFD-90B4-DA8A62386A11}.Debug|x86.ActiveCfg = Debug|Any CPU
		{D9A00C0E-9F1E-4EFD-90B4-DA8A62386A11}.Release|Any CPU.ActiveCfg = Release|Any CPU
		{D9A00C0E-9F1E-4EFD-90B4-DA8A62386A11}.Release|Any CPU.Build.0 = Release|Any CPU
		{D9A00C0E-9F1E-4EFD-90B4-DA8A62386A11}.Release|x86.ActiveCfg = Release|Any CPU
		{BE6DFD78-ED34-4F74-9185-7DD20F52D068}.Debug|Any CPU.ActiveCfg = Debug|Any CPU
		{BE6DFD78-ED34-4F74-9185-7DD20F52D068}.Debug|Any CPU.Build.0 = Debug|Any CPU
		{BE6DFD78-ED34-4F74-9185-7DD20F52D068}.Debug|x86.ActiveCfg = Debug|Any CPU
		{BE6DFD78-ED34-4F74-9185-7DD20F52D068}.Release|Any CPU.ActiveCfg = Release|Any CPU
		{BE6DFD78-ED34-4F74-9185-7DD20F52D068}.Release|Any CPU.Build.0 = Release|Any CPU
		{BE6DFD78-ED34-4F74-9185-7DD20F52D068}.Release|x86.ActiveCfg = Release|Any CPU
		{50762796-46D8-4178-B7BD-22E136C57978}.Debug|Any CPU.ActiveCfg = Debug|Any CPU
		{50762796-46D8-4178-B7BD-22E136C57978}.Debug|Any CPU.Build.0 = Debug|Any CPU
		{50762796-46D8-4178-B7BD-22E136C57978}.Debug|x86.ActiveCfg = Debug|Any CPU
		{50762796-46D8-4178-B7BD-22E136C57978}.Release|Any CPU.ActiveCfg = Release|Any CPU
		{50762796-46D8-4178-B7BD-22E136C57978}.Release|Any CPU.Build.0 = Release|Any CPU
		{50762796-46D8-4178-B7BD-22E136C57978}.Release|x86.ActiveCfg = Release|Any CPU
		{7DE2F5D3-9861-4582-8FA6-543FFC3394C4}.Debug|Any CPU.ActiveCfg = Debug|Any CPU
		{7DE2F5D3-9861-4582-8FA6-543FFC3394C4}.Debug|Any CPU.Build.0 = Debug|Any CPU
		{7DE2F5D3-9861-4582-8FA6-543FFC3394C4}.Debug|x86.ActiveCfg = Debug|Any CPU
		{7DE2F5D3-9861-4582-8FA6-543FFC3394C4}.Release|Any CPU.ActiveCfg = Release|Any CPU
		{7DE2F5D3-9861-4582-8FA6-543FFC3394C4}.Release|Any CPU.Build.0 = Release|Any CPU
		{7DE2F5D3-9861-4582-8FA6-543FFC3394C4}.Release|x86.ActiveCfg = Release|Any CPU
	EndGlobalSection
	GlobalSection(SolutionProperties) = preSolution
		HideSolutionNode = FALSE
	EndGlobalSection
	GlobalSection(NestedProjects) = preSolution
		{1E72BF01-5511-44FC-B87C-BA0816E94C81} = {96B9006A-F80C-4F60-8608-93A7F5981274}
		{A8AACA46-CCC8-429F-B626-4CFC77F3A21A} = {244BECF5-D87D-434D-839D-771F4D0EDAA1}
		{792F6159-9FF0-4352-8323-591A9BAD3472} = {244BECF5-D87D-434D-839D-771F4D0EDAA1}
		{9DB13EB2-28E3-432B-8C8F-0E39EF5BCC38} = {244BECF5-D87D-434D-839D-771F4D0EDAA1}
		{BE6DFD78-ED34-4F74-9185-7DD20F52D068} = {244BECF5-D87D-434D-839D-771F4D0EDAA1}
		{1466CCE7-65A2-49C4-9C28-23B135FE7A4A} = {7D5AFEDC-E05B-40CE-B222-107C48EC4187}
		{E78897BE-4601-4707-A6CE-498B9B805F99} = {7D5AFEDC-E05B-40CE-B222-107C48EC4187}
		{E4D34957-969C-4CC4-8FB4-79577CC3BE7C} = {7D5AFEDC-E05B-40CE-B222-107C48EC4187}
		{7BBCB70E-DF4A-4353-B8C0-66789FA75CBA} = {7D5AFEDC-E05B-40CE-B222-107C48EC4187}
		{2D7F5411-0E9D-4230-955B-1CDA9DFA8512} = {7D5AFEDC-E05B-40CE-B222-107C48EC4187}
		{249928BB-C446-42B3-BFF3-CA98DABB9609} = {7D5AFEDC-E05B-40CE-B222-107C48EC4187}
		{50762796-46D8-4178-B7BD-22E136C57978} = {7D5AFEDC-E05B-40CE-B222-107C48EC4187}
		{0A9878D3-9A46-4A42-923E-94F8B42C0662} = {27E0F09D-F6A8-4F12-B240-44AA1F6D4116}
		{3A3D5525-2D63-4661-B4BC-FAE6D93F9D78} = {27E0F09D-F6A8-4F12-B240-44AA1F6D4116}
		{18FB8D9B-7EB9-4FDA-9230-CE44E50FC7DA} = {27E0F09D-F6A8-4F12-B240-44AA1F6D4116}
		{D9A00C0E-9F1E-4EFD-90B4-DA8A62386A11} = {27E0F09D-F6A8-4F12-B240-44AA1F6D4116}
		{7DE2F5D3-9861-4582-8FA6-543FFC3394C4} = {27E0F09D-F6A8-4F12-B240-44AA1F6D4116}
		{24F81277-B44D-4F87-8906-44FE08BB958C} = {6D240FCF-6798-4564-A378-1E6D30B0C09B}
	EndGlobalSection
EndGlobal
