
Microsoft Visual Studio Solution File, Format Version 12.00
# Visual Studio 15
VisualStudioVersion = 15.0.26430.15
MinimumVisualStudioVersion = 10.0.40219.1
Project("{EDCC3B85-0BAD-11DB-BC1A-00112FDE8B61}") = "Nitra.Runtime", "Nitra\Nitra.Runtime\Nitra.Runtime.nproj", "{9DB13EB2-28E3-432B-8C8F-0E39EF5BCC38}"
EndProject
Project("{EDCC3B85-0BAD-11DB-BC1A-00112FDE8B61}") = "Nitra.Compiler", "Nitra\Nitra.Compiler\Nitra.Compiler.nproj", "{A8AACA46-CCC8-429F-B626-4CFC77F3A21A}"
EndProject
Project("{EDCC3B85-0BAD-11DB-BC1A-00112FDE8B61}") = "Nitra.Grammar", "Nitra\Nitra.Grammar\Nitra.Grammar.nproj", "{792F6159-9FF0-4352-8323-591A9BAD3472}"
EndProject
Project("{2150E333-8FDC-42A3-9474-1A3956D46DE8}") = "Nitra", "Nitra", "{244BECF5-D87D-434D-839D-771F4D0EDAA1}"
EndProject
Project("{2150E333-8FDC-42A3-9474-1A3956D46DE8}") = "Root", "Root", "{622651DB-031F-4575-B69F-BB5F8C6819D6}"
EndProject
Project("{EDCC3B85-0BAD-11DB-BC1A-00112FDE8B61}") = "DotNetLang", "Nitra\DotNetLang\DotNetLang.nproj", "{D3C87D75-E119-4D30-A8BE-DC28014BB653}"
EndProject
Project("{EDCC3B85-0BAD-11DB-BC1A-00112FDE8B61}") = "DotNet.BackEnd.CCI", "DotNet.BackEnd.CCI\DotNet.BackEnd.CCI.nproj", "{9BC9B613-47F1-443C-8205-AC3CFABE7DB9}"
EndProject
Global
	GlobalSection(SolutionConfigurationPlatforms) = preSolution
		Debug|Any CPU = Debug|Any CPU
		Debug|Mixed Platforms = Debug|Mixed Platforms
		Debug|x86 = Debug|x86
		Release|Any CPU = Release|Any CPU
		Release|Mixed Platforms = Release|Mixed Platforms
		Release|x86 = Release|x86
	EndGlobalSection
	GlobalSection(ProjectConfigurationPlatforms) = postSolution
		{9DB13EB2-28E3-432B-8C8F-0E39EF5BCC38}.Debug|Any CPU.ActiveCfg = Debug|Any CPU
		{9DB13EB2-28E3-432B-8C8F-0E39EF5BCC38}.Debug|Any CPU.Build.0 = Debug|Any CPU
		{9DB13EB2-28E3-432B-8C8F-0E39EF5BCC38}.Debug|Mixed Platforms.ActiveCfg = Debug|Any CPU
		{9DB13EB2-28E3-432B-8C8F-0E39EF5BCC38}.Debug|Mixed Platforms.Build.0 = Debug|Any CPU
		{9DB13EB2-28E3-432B-8C8F-0E39EF5BCC38}.Debug|x86.ActiveCfg = Debug|Any CPU
		{9DB13EB2-28E3-432B-8C8F-0E39EF5BCC38}.Release|Any CPU.ActiveCfg = Release|Any CPU
		{9DB13EB2-28E3-432B-8C8F-0E39EF5BCC38}.Release|Any CPU.Build.0 = Release|Any CPU
		{9DB13EB2-28E3-432B-8C8F-0E39EF5BCC38}.Release|Mixed Platforms.ActiveCfg = Release|Any CPU
		{9DB13EB2-28E3-432B-8C8F-0E39EF5BCC38}.Release|Mixed Platforms.Build.0 = Release|Any CPU
		{9DB13EB2-28E3-432B-8C8F-0E39EF5BCC38}.Release|x86.ActiveCfg = Release|Any CPU
		{A8AACA46-CCC8-429F-B626-4CFC77F3A21A}.Debug|Any CPU.ActiveCfg = Debug|Any CPU
		{A8AACA46-CCC8-429F-B626-4CFC77F3A21A}.Debug|Any CPU.Build.0 = Debug|Any CPU
		{A8AACA46-CCC8-429F-B626-4CFC77F3A21A}.Debug|Mixed Platforms.ActiveCfg = Debug|Any CPU
		{A8AACA46-CCC8-429F-B626-4CFC77F3A21A}.Debug|Mixed Platforms.Build.0 = Debug|Any CPU
		{A8AACA46-CCC8-429F-B626-4CFC77F3A21A}.Debug|x86.ActiveCfg = Debug|Any CPU
		{A8AACA46-CCC8-429F-B626-4CFC77F3A21A}.Release|Any CPU.ActiveCfg = Release|Any CPU
		{A8AACA46-CCC8-429F-B626-4CFC77F3A21A}.Release|Any CPU.Build.0 = Release|Any CPU
		{A8AACA46-CCC8-429F-B626-4CFC77F3A21A}.Release|Mixed Platforms.ActiveCfg = Release|Any CPU
		{A8AACA46-CCC8-429F-B626-4CFC77F3A21A}.Release|Mixed Platforms.Build.0 = Release|Any CPU
		{A8AACA46-CCC8-429F-B626-4CFC77F3A21A}.Release|x86.ActiveCfg = Release|Any CPU
		{792F6159-9FF0-4352-8323-591A9BAD3472}.Debug|Any CPU.ActiveCfg = Debug|Any CPU
		{792F6159-9FF0-4352-8323-591A9BAD3472}.Debug|Any CPU.Build.0 = Debug|Any CPU
		{792F6159-9FF0-4352-8323-591A9BAD3472}.Debug|Mixed Platforms.ActiveCfg = Debug|Any CPU
		{792F6159-9FF0-4352-8323-591A9BAD3472}.Debug|Mixed Platforms.Build.0 = Debug|Any CPU
		{792F6159-9FF0-4352-8323-591A9BAD3472}.Debug|x86.ActiveCfg = Debug|Any CPU
		{792F6159-9FF0-4352-8323-591A9BAD3472}.Release|Any CPU.ActiveCfg = Release|Any CPU
		{792F6159-9FF0-4352-8323-591A9BAD3472}.Release|Any CPU.Build.0 = Release|Any CPU
		{792F6159-9FF0-4352-8323-591A9BAD3472}.Release|Mixed Platforms.ActiveCfg = Release|Any CPU
		{792F6159-9FF0-4352-8323-591A9BAD3472}.Release|Mixed Platforms.Build.0 = Release|Any CPU
		{792F6159-9FF0-4352-8323-591A9BAD3472}.Release|x86.ActiveCfg = Release|Any CPU
		{D3C87D75-E119-4D30-A8BE-DC28014BB653}.Debug|Any CPU.ActiveCfg = Debug|Any CPU
		{D3C87D75-E119-4D30-A8BE-DC28014BB653}.Debug|Any CPU.Build.0 = Debug|Any CPU
		{D3C87D75-E119-4D30-A8BE-DC28014BB653}.Debug|Mixed Platforms.ActiveCfg = Debug|Any CPU
		{D3C87D75-E119-4D30-A8BE-DC28014BB653}.Debug|Mixed Platforms.Build.0 = Debug|Any CPU
		{D3C87D75-E119-4D30-A8BE-DC28014BB653}.Debug|x86.ActiveCfg = Debug|Any CPU
		{D3C87D75-E119-4D30-A8BE-DC28014BB653}.Release|Any CPU.ActiveCfg = Release|Any CPU
		{D3C87D75-E119-4D30-A8BE-DC28014BB653}.Release|Any CPU.Build.0 = Release|Any CPU
		{D3C87D75-E119-4D30-A8BE-DC28014BB653}.Release|Mixed Platforms.ActiveCfg = Release|Any CPU
		{D3C87D75-E119-4D30-A8BE-DC28014BB653}.Release|Mixed Platforms.Build.0 = Release|Any CPU
		{D3C87D75-E119-4D30-A8BE-DC28014BB653}.Release|x86.ActiveCfg = Release|Any CPU
		{9BC9B613-47F1-443C-8205-AC3CFABE7DB9}.Debug|Any CPU.ActiveCfg = Debug|Any CPU
		{9BC9B613-47F1-443C-8205-AC3CFABE7DB9}.Debug|Any CPU.Build.0 = Debug|Any CPU
		{9BC9B613-47F1-443C-8205-AC3CFABE7DB9}.Debug|Mixed Platforms.ActiveCfg = Debug|Any CPU
		{9BC9B613-47F1-443C-8205-AC3CFABE7DB9}.Debug|Mixed Platforms.Build.0 = Debug|Any CPU
		{9BC9B613-47F1-443C-8205-AC3CFABE7DB9}.Debug|x86.ActiveCfg = Debug|Any CPU
		{9BC9B613-47F1-443C-8205-AC3CFABE7DB9}.Release|Any CPU.ActiveCfg = Release|Any CPU
		{9BC9B613-47F1-443C-8205-AC3CFABE7DB9}.Release|Any CPU.Build.0 = Release|Any CPU
		{9BC9B613-47F1-443C-8205-AC3CFABE7DB9}.Release|Mixed Platforms.ActiveCfg = Release|Any CPU
		{9BC9B613-47F1-443C-8205-AC3CFABE7DB9}.Release|Mixed Platforms.Build.0 = Release|Any CPU
		{9BC9B613-47F1-443C-8205-AC3CFABE7DB9}.Release|x86.ActiveCfg = Release|Any CPU
	EndGlobalSection
	GlobalSection(SolutionProperties) = preSolution
		HideSolutionNode = FALSE
	EndGlobalSection
	GlobalSection(NestedProjects) = preSolution
		{9DB13EB2-28E3-432B-8C8F-0E39EF5BCC38} = {244BECF5-D87D-434D-839D-771F4D0EDAA1}
		{A8AACA46-CCC8-429F-B626-4CFC77F3A21A} = {244BECF5-D87D-434D-839D-771F4D0EDAA1}
		{792F6159-9FF0-4352-8323-591A9BAD3472} = {244BECF5-D87D-434D-839D-771F4D0EDAA1}
		{244BECF5-D87D-434D-839D-771F4D0EDAA1} = {622651DB-031F-4575-B69F-BB5F8C6819D6}
		{D3C87D75-E119-4D30-A8BE-DC28014BB653} = {244BECF5-D87D-434D-839D-771F4D0EDAA1}
		{9BC9B613-47F1-443C-8205-AC3CFABE7DB9} = {244BECF5-D87D-434D-839D-771F4D0EDAA1}
	EndGlobalSection
EndGlobal
