
Microsoft Visual Studio Solution File, Format Version 11.00
# Visual Studio 2010
Project("{EDCC3B85-0BAD-11DB-BC1A-00112FDE8B61}") = "Test-VS_2010", "Test\Test-VS_2010.nproj", "{7BBCB70E-DF4A-4353-B8C0-66789FA75CBA}"
EndProject
Project("{EDCC3B85-0BAD-11DB-BC1A-00112FDE8B61}") = "Nemerle.Parser-VS_2010", "Nemerle.Parser\Nemerle.Parser-VS_2010.nproj", "{9DB13EB2-28E3-432B-8C8F-0E39EF5BCC38}"
EndProject
Project("{EDCC3B85-0BAD-11DB-BC1A-00112FDE8B61}") = "Nemerle.Parser.Macro-VS_2010", "Nemerle.Parser.Macro\Nemerle.Parser.Macro-VS_2010.nproj", "{A8AACA46-CCC8-429F-B626-4CFC77F3A21A}"
EndProject
Project("{EDCC3B85-0BAD-11DB-BC1A-00112FDE8B61}") = "ExternalGrammar", "ExternalGrammar\ExternalGrammar.nproj", "{E78897BE-4601-4707-A6CE-498B9B805F99}"
EndProject
Project("{EDCC3B85-0BAD-11DB-BC1A-00112FDE8B61}") = "N2Perser", "N2Perser\N2Perser.nproj", "{1466CCE7-65A2-49C4-9C28-23B135FE7A4A}"
EndProject
Project("{EDCC3B85-0BAD-11DB-BC1A-00112FDE8B61}") = "N2ParserExtensions", "N2ParserExtensions\N2ParserExtensions.nproj", "{E4D34957-969C-4CC4-8FB4-79577CC3BE7C}"
EndProject
Global
	GlobalSection(SolutionConfigurationPlatforms) = preSolution
		Debug|Any CPU = Debug|Any CPU
		Release|Any CPU = Release|Any CPU
	EndGlobalSection
	GlobalSection(ProjectConfigurationPlatforms) = postSolution
		{7BBCB70E-DF4A-4353-B8C0-66789FA75CBA}.Debug|Any CPU.ActiveCfg = Debug|Any CPU
		{7BBCB70E-DF4A-4353-B8C0-66789FA75CBA}.Debug|Any CPU.Build.0 = Debug|Any CPU
		{7BBCB70E-DF4A-4353-B8C0-66789FA75CBA}.Release|Any CPU.ActiveCfg = Release|Any CPU
		{7BBCB70E-DF4A-4353-B8C0-66789FA75CBA}.Release|Any CPU.Build.0 = Release|Any CPU
		{9DB13EB2-28E3-432B-8C8F-0E39EF5BCC38}.Debug|Any CPU.ActiveCfg = Debug|Any CPU
		{9DB13EB2-28E3-432B-8C8F-0E39EF5BCC38}.Debug|Any CPU.Build.0 = Debug|Any CPU
		{9DB13EB2-28E3-432B-8C8F-0E39EF5BCC38}.Release|Any CPU.ActiveCfg = Release|Any CPU
		{9DB13EB2-28E3-432B-8C8F-0E39EF5BCC38}.Release|Any CPU.Build.0 = Release|Any CPU
		{A8AACA46-CCC8-429F-B626-4CFC77F3A21A}.Debug|Any CPU.ActiveCfg = Debug|Any CPU
		{A8AACA46-CCC8-429F-B626-4CFC77F3A21A}.Debug|Any CPU.Build.0 = Debug|Any CPU
		{A8AACA46-CCC8-429F-B626-4CFC77F3A21A}.Release|Any CPU.ActiveCfg = Release|Any CPU
		{A8AACA46-CCC8-429F-B626-4CFC77F3A21A}.Release|Any CPU.Build.0 = Release|Any CPU
		{E78897BE-4601-4707-A6CE-498B9B805F99}.Debug|Any CPU.ActiveCfg = Debug|Any CPU
		{E78897BE-4601-4707-A6CE-498B9B805F99}.Debug|Any CPU.Build.0 = Debug|Any CPU
		{E78897BE-4601-4707-A6CE-498B9B805F99}.Release|Any CPU.ActiveCfg = Release|Any CPU
		{E78897BE-4601-4707-A6CE-498B9B805F99}.Release|Any CPU.Build.0 = Release|Any CPU
		{1466CCE7-65A2-49C4-9C28-23B135FE7A4A}.Debug|Any CPU.ActiveCfg = Debug|Any CPU
		{1466CCE7-65A2-49C4-9C28-23B135FE7A4A}.Debug|Any CPU.Build.0 = Debug|Any CPU
		{1466CCE7-65A2-49C4-9C28-23B135FE7A4A}.Release|Any CPU.ActiveCfg = Release|Any CPU
		{1466CCE7-65A2-49C4-9C28-23B135FE7A4A}.Release|Any CPU.Build.0 = Release|Any CPU
		{E4D34957-969C-4CC4-8FB4-79577CC3BE7C}.Debug|Any CPU.ActiveCfg = Debug|Any CPU
		{E4D34957-969C-4CC4-8FB4-79577CC3BE7C}.Debug|Any CPU.Build.0 = Debug|Any CPU
		{E4D34957-969C-4CC4-8FB4-79577CC3BE7C}.Release|Any CPU.ActiveCfg = Release|Any CPU
		{E4D34957-969C-4CC4-8FB4-79577CC3BE7C}.Release|Any CPU.Build.0 = Release|Any CPU
	EndGlobalSection
	GlobalSection(SolutionProperties) = preSolution
		HideSolutionNode = FALSE
	EndGlobalSection
EndGlobal
