
Microsoft Visual Studio Solution File, Format Version 11.00
# Visual Studio 2010
Project("{EDCC3B85-0BAD-11DB-BC1A-00112FDE8B61}") = "GeneralParser", "GeneralParser\GeneralParser.nproj", "{7E4AB9C9-6888-4CDD-83FE-57EFFEFE192E}"
EndProject
Global
	GlobalSection(SolutionConfigurationPlatforms) = preSolution
		Debug|Any CPU = Debug|Any CPU
		Release|Any CPU = Release|Any CPU
	EndGlobalSection
	GlobalSection(ProjectConfigurationPlatforms) = postSolution
		{7E4AB9C9-6888-4CDD-83FE-57EFFEFE192E}.Debug|Any CPU.ActiveCfg = Debug|Any CPU
		{7E4AB9C9-6888-4CDD-83FE-57EFFEFE192E}.Debug|Any CPU.Build.0 = Debug|Any CPU
		{7E4AB9C9-6888-4CDD-83FE-57EFFEFE192E}.Release|Any CPU.ActiveCfg = Release|Any CPU
		{7E4AB9C9-6888-4CDD-83FE-57EFFEFE192E}.Release|Any CPU.Build.0 = Release|Any CPU
	EndGlobalSection
	GlobalSection(SolutionProperties) = preSolution
		HideSolutionNode = FALSE
	EndGlobalSection
EndGlobal
