
Microsoft Visual Studio Solution File, Format Version 12.00
# Visual Studio 2013
VisualStudioVersion = 12.0.31101.0
MinimumVisualStudioVersion = 10.0.40219.1
Project("{FAE04EC0-301F-11D3-BF4B-00C04F79EFBC}") = "XxxVsPackage", "XxxVsPackage.csproj", "{09CD39E9-5139-48B5-A1AE-B8EB59CEE1CD}"
EndProject
Global
	GlobalSection(SolutionConfigurationPlatforms) = preSolution
		Debug|Any CPU = Debug|Any CPU
		Release|Any CPU = Release|Any CPU
	EndGlobalSection
	GlobalSection(ProjectConfigurationPlatforms) = postSolution
		{09CD39E9-5139-48B5-A1AE-B8EB59CEE1CD}.Debug|Any CPU.ActiveCfg = Debug|Any CPU
		{09CD39E9-5139-48B5-A1AE-B8EB59CEE1CD}.Debug|Any CPU.Build.0 = Debug|Any CPU
		{09CD39E9-5139-48B5-A1AE-B8EB59CEE1CD}.Release|Any CPU.ActiveCfg = Release|Any CPU
		{09CD39E9-5139-48B5-A1AE-B8EB59CEE1CD}.Release|Any CPU.Build.0 = Release|Any CPU
	EndGlobalSection
	GlobalSection(SolutionProperties) = preSolution
		HideSolutionNode = FALSE
	EndGlobalSection
EndGlobal
