
Microsoft Visual Studio Solution File, Format Version 12.00
# Visual Studio 2013
VisualStudioVersion = 12.0.40629.0
MinimumVisualStudioVersion = 10.0.40219.1
Project("{FAE04EC0-301F-11D3-BF4B-00C04F79EFBC}") = "XXLanguageXXVsPackage", "XXLanguageXXVsPackage.csproj", "{09CD39E9-5139-48B5-A1AE-B8EB59CEE1CD}"
EndProject
Project("{2150E333-8FDC-42A3-9474-1A3956D46DE8}") = ".nuget", ".nuget", "{EACC333F-0214-4B02-B7E4-14B696725CC0}"
	ProjectSection(SolutionItems) = preProject
		.nuget\NuGet.Config = .nuget\NuGet.Config
		.nuget\NuGet.exe = .nuget\NuGet.exe
		.nuget\NuGet.targets = .nuget\NuGet.targets
		.nuget\packages.config = .nuget\packages.config
	EndProjectSection
EndProject
Global
	GlobalSection(SolutionConfigurationPlatforms) = preSolution
		Debug|x86 = Debug|x86
		Release|x86 = Release|x86
	EndGlobalSection
	GlobalSection(ProjectConfigurationPlatforms) = postSolution
		{09CD39E9-5139-48B5-A1AE-B8EB59CEE1CD}.Debug|x86.ActiveCfg = Debug|x86
		{09CD39E9-5139-48B5-A1AE-B8EB59CEE1CD}.Debug|x86.Build.0 = Debug|x86
		{09CD39E9-5139-48B5-A1AE-B8EB59CEE1CD}.Release|x86.ActiveCfg = Release|x86
		{09CD39E9-5139-48B5-A1AE-B8EB59CEE1CD}.Release|x86.Build.0 = Release|x86
	EndGlobalSection
	GlobalSection(SolutionProperties) = preSolution
		HideSolutionNode = FALSE
	EndGlobalSection
EndGlobal
