
Microsoft Visual Studio Solution File, Format Version 12.00
# Visual Studio 14
VisualStudioVersion = 14.0.25420.1
MinimumVisualStudioVersion = 10.0.40219.1
Project("{EDCC3B85-0BAD-11DB-BC1A-00112FDE8B61}") = "CSharp.Grammar", "CSharp.Grammar.nproj", "{249928BB-C446-42B3-BFF3-CA98DABB9609}"
EndProject
Project("{EDCC3B85-0BAD-11DB-BC1A-00112FDE8B61}") = "Nitra.Runtime", "..\..\..\Nitra\Nitra.Runtime\Nitra.Runtime.nproj", "{9DB13EB2-28E3-432B-8C8F-0E39EF5BCC38}"
EndProject
Project("{EDCC3B85-0BAD-11DB-BC1A-00112FDE8B61}") = "DotNetLang", "..\..\..\Nitra\DotNetLang\DotNetLang.nproj", "{D3C87D75-E119-4D30-A8BE-DC28014BB653}"
EndProject
Global
	GlobalSection(SolutionConfigurationPlatforms) = preSolution
		Debug|Any CPU = Debug|Any CPU
		Release|Any CPU = Release|Any CPU
	EndGlobalSection
	GlobalSection(ProjectConfigurationPlatforms) = postSolution
		{249928BB-C446-42B3-BFF3-CA98DABB9609}.Debug|Any CPU.ActiveCfg = Debug|Any CPU
		{249928BB-C446-42B3-BFF3-CA98DABB9609}.Debug|Any CPU.Build.0 = Debug|Any CPU
		{249928BB-C446-42B3-BFF3-CA98DABB9609}.Release|Any CPU.ActiveCfg = Release|Any CPU
		{249928BB-C446-42B3-BFF3-CA98DABB9609}.Release|Any CPU.Build.0 = Release|Any CPU
		{9DB13EB2-28E3-432B-8C8F-0E39EF5BCC38}.Debug|Any CPU.ActiveCfg = Debug|Any CPU
		{9DB13EB2-28E3-432B-8C8F-0E39EF5BCC38}.Debug|Any CPU.Build.0 = Debug|Any CPU
		{9DB13EB2-28E3-432B-8C8F-0E39EF5BCC38}.Release|Any CPU.ActiveCfg = Release|Any CPU
		{9DB13EB2-28E3-432B-8C8F-0E39EF5BCC38}.Release|Any CPU.Build.0 = Release|Any CPU
		{D3C87D75-E119-4D30-A8BE-DC28014BB653}.Debug|Any CPU.ActiveCfg = Debug|Any CPU
		{D3C87D75-E119-4D30-A8BE-DC28014BB653}.Debug|Any CPU.Build.0 = Debug|Any CPU
		{D3C87D75-E119-4D30-A8BE-DC28014BB653}.Release|Any CPU.ActiveCfg = Release|Any CPU
		{D3C87D75-E119-4D30-A8BE-DC28014BB653}.Release|Any CPU.Build.0 = Release|Any CPU
	EndGlobalSection
	GlobalSection(SolutionProperties) = preSolution
		HideSolutionNode = FALSE
	EndGlobalSection
EndGlobal
