
Microsoft Visual Studio Solution File, Format Version 12.00
# Visual Studio 2013
VisualStudioVersion = 12.0.31101.0
MinimumVisualStudioVersion = 10.0.40219.1
Project("{EDCC3B85-0BAD-11DB-BC1A-00112FDE8B61}") = "MacroLibraryTest", "MacroLibraryTest\MacroLibraryTest.nproj", "{983BE626-208D-4A96-B2C7-EF5DE6B20E7D}"
EndProject
Project("{EDCC3B85-0BAD-11DB-BC1A-00112FDE8B61}") = "Test", "Test\Test.nproj", "{01CB72DC-AF58-4443-9E35-506CD8F0607B}"
EndProject
Global
	GlobalSection(SolutionConfigurationPlatforms) = preSolution
		Debug|Any CPU = Debug|Any CPU
		Release|Any CPU = Release|Any CPU
	EndGlobalSection
	GlobalSection(ProjectConfigurationPlatforms) = postSolution
		{983BE626-208D-4A96-B2C7-EF5DE6B20E7D}.Debug|Any CPU.ActiveCfg = Debug|Any CPU
		{983BE626-208D-4A96-B2C7-EF5DE6B20E7D}.Debug|Any CPU.Build.0 = Debug|Any CPU
		{983BE626-208D-4A96-B2C7-EF5DE6B20E7D}.Release|Any CPU.ActiveCfg = Release|Any CPU
		{983BE626-208D-4A96-B2C7-EF5DE6B20E7D}.Release|Any CPU.Build.0 = Release|Any CPU
		{01CB72DC-AF58-4443-9E35-506CD8F0607B}.Debug|Any CPU.ActiveCfg = Debug|Any CPU
		{01CB72DC-AF58-4443-9E35-506CD8F0607B}.Debug|Any CPU.Build.0 = Debug|Any CPU
		{01CB72DC-AF58-4443-9E35-506CD8F0607B}.Release|Any CPU.ActiveCfg = Release|Any CPU
		{01CB72DC-AF58-4443-9E35-506CD8F0607B}.Release|Any CPU.Build.0 = Release|Any CPU
	EndGlobalSection
	GlobalSection(SolutionProperties) = preSolution
		HideSolutionNode = FALSE
	EndGlobalSection
EndGlobal
