
Microsoft Visual Studio Solution File, Format Version 11.00
# Visual Studio 2010
Project("{EDCC3B85-0BAD-11DB-BC1A-00112FDE8B61}") = "Sandbox", "Sandbox\Sandbox.nproj", "{22AB1A25-2B99-4B82-B649-9F0F32CB5C9A}"
EndProject
Project("{EDCC3B85-0BAD-11DB-BC1A-00112FDE8B61}") = "SerializationMacro", "SerializationMacro\SerializationMacro.nproj", "{3029AA3F-913E-4CFE-B362-9DD5F92FDFF1}"
EndProject
Global
	GlobalSection(SolutionConfigurationPlatforms) = preSolution
		Debug|Any CPU = Debug|Any CPU
		Release|Any CPU = Release|Any CPU
	EndGlobalSection
	GlobalSection(ProjectConfigurationPlatforms) = postSolution
		{22AB1A25-2B99-4B82-B649-9F0F32CB5C9A}.Debug|Any CPU.ActiveCfg = Debug|Any CPU
		{22AB1A25-2B99-4B82-B649-9F0F32CB5C9A}.Debug|Any CPU.Build.0 = Debug|Any CPU
		{22AB1A25-2B99-4B82-B649-9F0F32CB5C9A}.Release|Any CPU.ActiveCfg = Release|Any CPU
		{22AB1A25-2B99-4B82-B649-9F0F32CB5C9A}.Release|Any CPU.Build.0 = Release|Any CPU
		{3029AA3F-913E-4CFE-B362-9DD5F92FDFF1}.Debug|Any CPU.ActiveCfg = Debug|Any CPU
		{3029AA3F-913E-4CFE-B362-9DD5F92FDFF1}.Debug|Any CPU.Build.0 = Debug|Any CPU
		{3029AA3F-913E-4CFE-B362-9DD5F92FDFF1}.Release|Any CPU.ActiveCfg = Release|Any CPU
		{3029AA3F-913E-4CFE-B362-9DD5F92FDFF1}.Release|Any CPU.Build.0 = Release|Any CPU
	EndGlobalSection
	GlobalSection(SolutionProperties) = preSolution
		HideSolutionNode = FALSE
	EndGlobalSection
EndGlobal
