
Microsoft Visual Studio Solution File, Format Version 11.00
# Visual Studio 2010
Project("{930C7802-8A8C-48F9-8165-68863BCCD9DD}") = "Nitra.Setup", "Nitra.Setup.wixproj", "{B6E48235-9468-47F8-9D5B-8EE44C34C90E}"
EndProject
Global
	GlobalSection(SolutionConfigurationPlatforms) = preSolution
		Debug|x86 = Debug|x86
		Release|x86 = Release|x86
	EndGlobalSection
	GlobalSection(ProjectConfigurationPlatforms) = postSolution
		{B6E48235-9468-47F8-9D5B-8EE44C34C90E}.Debug|x86.ActiveCfg = Debug|x86
		{B6E48235-9468-47F8-9D5B-8EE44C34C90E}.Debug|x86.Build.0 = Debug|x86
		{B6E48235-9468-47F8-9D5B-8EE44C34C90E}.Release|x86.ActiveCfg = Release|x86
		{B6E48235-9468-47F8-9D5B-8EE44C34C90E}.Release|x86.Build.0 = Release|x86
	EndGlobalSection
	GlobalSection(SolutionProperties) = preSolution
		HideSolutionNode = FALSE
	EndGlobalSection
EndGlobal
